<?xml version="1.0" encoding="utf-8"?>
<Project ToolsVersion="15.0" xmlns="http://schemas.microsoft.com/developer/msbuild/2003">
  <ItemGroup>
    <Filter Include="Resource Files">
      <UniqueIdentifier>{67DA6AB6-F800-4c08-8B7A-83BB121AAD01}</UniqueIdentifier>
      <Extensions>rc;ico;cur;bmp;dlg;rc2;rct;bin;rgs;gif;jpg;jpeg;jpe;resx;tga;tiff;tif;png;wav;mfcribbon-ms</Extensions>
    </Filter>
  </ItemGroup>
  <ItemGroup>
    <ClCompile Include="StormCore.cpp" />
    <ClCompile Include="StormStd.cpp" />
    <ClCompile Include="Storm\StormMain.cpp" />
    <ClCompile Include="Common\DeviceResources.cpp" />
    <ClCompile Include="Content\Sample3DSceneRenderer.cpp" />
  </ItemGroup>
  <ItemGroup>
    <ClInclude Include="Include\StormStd.h" />
    <ClInclude Include="Include\StormCore.h" />
    <ClInclude Include="Storm\StormMain.h" />
    <ClInclude Include="Common\DeviceResources.h" />
    <ClInclude Include="Common\DirectXHelper.h" />
    <ClInclude Include="Common\StepTimer.h" />
    <ClInclude Include="Content\Sample3DSceneRenderer.h" />
    <ClInclude Include="Content\ShaderStructures.h" />
    <ClInclude Include="Include\d3dx12.h" />
  </ItemGroup>
  <ItemGroup>
    <FxCompile Include="Content\SamplePixelShader.hlsl" />
    <FxCompile Include="Content\SampleVertexShader.hlsl" />
  </ItemGroup>
</Project>