
Microsoft Visual Studio Solution File, Format Version 12.00
# Visual Studio 15
VisualStudioVersion = 15.0.27004.2002
MinimumVisualStudioVersion = 10.0.40219.1
Project("{8BC9CEB8-8B4A-11D0-8D11-00A0C91BC942}") = "StormGame", "Source\StormGame\StormGame.vcxproj", "{6A8B0493-B3D5-4080-AE5E-967C5558E6DF}"
EndProject
Global
	GlobalSection(SolutionConfigurationPlatforms) = preSolution
		Debug|ARM = Debug|ARM
		Debug|x64 = Debug|x64
		Debug|x86 = Debug|x86
		Release|ARM = Release|ARM
		Release|x64 = Release|x64
		Release|x86 = Release|x86
	EndGlobalSection
	GlobalSection(ProjectConfigurationPlatforms) = postSolution
		{6A8B0493-B3D5-4080-AE5E-967C5558E6DF}.Debug|ARM.ActiveCfg = Debug|ARM
		{6A8B0493-B3D5-4080-AE5E-967C5558E6DF}.Debug|ARM.Build.0 = Debug|ARM
		{6A8B0493-B3D5-4080-AE5E-967C5558E6DF}.Debug|ARM.Deploy.0 = Debug|ARM
		{6A8B0493-B3D5-4080-AE5E-967C5558E6DF}.Debug|x64.ActiveCfg = Debug|x64
		{6A8B0493-B3D5-4080-AE5E-967C5558E6DF}.Debug|x64.Build.0 = Debug|x64
		{6A8B0493-B3D5-4080-AE5E-967C5558E6DF}.Debug|x64.Deploy.0 = Debug|x64
		{6A8B0493-B3D5-4080-AE5E-967C5558E6DF}.Debug|x86.ActiveCfg = Debug|Win32
		{6A8B0493-B3D5-4080-AE5E-967C5558E6DF}.Debug|x86.Build.0 = Debug|Win32
		{6A8B0493-B3D5-4080-AE5E-967C5558E6DF}.Debug|x86.Deploy.0 = Debug|Win32
		{6A8B0493-B3D5-4080-AE5E-967C5558E6DF}.Release|ARM.ActiveCfg = Release|ARM
		{6A8B0493-B3D5-4080-AE5E-967C5558E6DF}.Release|ARM.Build.0 = Release|ARM
		{6A8B0493-B3D5-4080-AE5E-967C5558E6DF}.Release|ARM.Deploy.0 = Release|ARM
		{6A8B0493-B3D5-4080-AE5E-967C5558E6DF}.Release|x64.ActiveCfg = Release|x64
		{6A8B0493-B3D5-4080-AE5E-967C5558E6DF}.Release|x64.Build.0 = Release|x64
		{6A8B0493-B3D5-4080-AE5E-967C5558E6DF}.Release|x64.Deploy.0 = Release|x64
		{6A8B0493-B3D5-4080-AE5E-967C5558E6DF}.Release|x86.ActiveCfg = Release|Win32
		{6A8B0493-B3D5-4080-AE5E-967C5558E6DF}.Release|x86.Build.0 = Release|Win32
		{6A8B0493-B3D5-4080-AE5E-967C5558E6DF}.Release|x86.Deploy.0 = Release|Win32
	EndGlobalSection
	GlobalSection(SolutionProperties) = preSolution
		HideSolutionNode = FALSE
	EndGlobalSection
	GlobalSection(ExtensibilityGlobals) = postSolution
		SolutionGuid = {76E119B9-E673-4135-AABE-EA3FFA1B6FD9}
	EndGlobalSection
EndGlobal
